PODS:
  - Alamofire (4.8.2)
  - GiphyCoreSDK (1.4.2)
  - Gloss (2.1.1)
  - GRMustache.swift (4.0.0)
  - LS2SDK (0.12.0):
    - LS2SDK/Common (= 0.12.0)
    - LS2SDK/Core (= 0.12.0)
    - LS2SDK/RKSupport (= 0.12.0)
    - LS2SDK/RSRPSupport (= 0.12.0)
    - LS2SDK/RSTBSupport (= 0.12.0)
  - LS2SDK/Common (0.12.0):
    - Gloss (~> 2.0)
  - LS2SDK/Core (0.12.0):
    - Alamofire (~> 4)
    - Gloss (~> 2.0)
    - LS2SDK/Common
    - ResearchSuiteExtensions (~> 0.17)
  - LS2SDK/RKSupport (0.12.0):
    - LS2SDK/Core
    - ResearchKit (~> 1.5)
  - LS2SDK/RSRPSupport (0.12.0):
    - LS2SDK/Core
    - ResearchSuiteResultsProcessor (~> 0.9)
  - LS2SDK/RSTBSupport (0.12.0):
    - LS2SDK/Core
    - LS2SDK/RKSupport
    - ResearchSuiteTaskBuilder (~> 0.12)
  - ResearchKit (1.5.2)
  - ResearchSuiteAppFramework (0.0.3):
    - ResearchSuiteAppFramework/Core (= 0.0.3)
  - ResearchSuiteAppFramework/Core (0.0.3):
    - Gloss (~> 2.0)
    - ResearchKit (~> 1.5)
    - ResearchSuiteResultsProcessor (~> 0.9)
    - ResearchSuiteTaskBuilder (~> 0.10)
    - ReSwift (~> 3.0)
  - ResearchSuiteExtensions (0.25.0):
    - ResearchSuiteExtensions/Common (= 0.25.0)
    - ResearchSuiteExtensions/Core (= 0.25.0)
    - ResearchSuiteExtensions/RSTBSupport (= 0.25.0)
  - ResearchSuiteExtensions/Common (0.25.0):
    - Gloss (~> 2.0)
    - ResearchKit (~> 1.4)
    - SecureQueue (~> 0.2)
  - ResearchSuiteExtensions/Core (0.25.0):
    - GiphyCoreSDK
    - ResearchKit (~> 1.4)
    - ResearchSuiteExtensions/Common
    - SnapKit
    - SwiftyGif (~> 4.2)
  - ResearchSuiteExtensions/RSTBSupport (0.25.0):
    - Gloss (~> 2.0)
    - GRMustache.swift (~> 4.0)
    - ResearchSuiteExtensions/Core
    - ResearchSuiteTaskBuilder (~> 0.13)
    - SwiftyMarkdown (~> 0.3)
  - ResearchSuiteResultsProcessor (0.9.2):
    - ResearchSuiteResultsProcessor/Core (= 0.9.2)
  - ResearchSuiteResultsProcessor/Core (0.9.2):
    - Gloss (~> 2.0)
    - ResearchKit (~> 1.3)
  - ResearchSuiteTaskBuilder (0.13.1):
    - Gloss (~> 2.0)
    - ResearchKit (~> 1.3)
  - ReSwift (3.0.0)
  - sdlrkx (0.17.0):
    - sdlrkx/Behavioral (= 0.17.0)
    - sdlrkx/Behavioral-LS2Backend (= 0.17.0)
    - sdlrkx/Behavioral-RSRPSupport (= 0.17.0)
    - sdlrkx/Behavioral-RSTBSupport (= 0.17.0)
    - sdlrkx/Helpers (= 0.17.0)
    - sdlrkx/VSR (= 0.17.0)
    - sdlrkx/VSR-LS2Backend (= 0.17.0)
    - sdlrkx/VSR-RSRPSupport (= 0.17.0)
    - sdlrkx/VSR-RSTBSupport (= 0.17.0)
  - sdlrkx/Behavioral (0.17.0):
    - ResearchKit (~> 1.4)
    - ResearchSuiteExtensions/Common (~> 0.14)
    - sdlrkx/Helpers
  - sdlrkx/Behavioral-LS2Backend (0.17.0):
    - LS2SDK
    - sdlrkx/Behavioral-RSRPSupport
  - sdlrkx/Behavioral-RSRPSupport (0.17.0):
    - ResearchKit (~> 1.4)
    - ResearchSuiteResultsProcessor (~> 0.2)
    - sdlrkx/Behavioral
  - sdlrkx/Behavioral-RSTBSupport (0.17.0):
    - Gloss (~> 2)
    - ResearchSuiteTaskBuilder (~> 0.4)
    - sdlrkx/Behavioral
  - sdlrkx/Helpers (0.17.0)
  - sdlrkx/VSR (0.17.0):
    - Gloss (~> 2)
    - ResearchKit (~> 1.4)
    - ResearchSuiteExtensions/Common (~> 0.14)
    - sdlrkx/Helpers
  - sdlrkx/VSR-LS2Backend (0.17.0):
    - LS2SDK
    - sdlrkx/VSR-RSRPSupport
  - sdlrkx/VSR-RSRPSupport (0.17.0):
    - ResearchKit (~> 1.4)
    - ResearchSuiteResultsProcessor (~> 0.2)
    - sdlrkx/VSR
  - sdlrkx/VSR-RSTBSupport (0.17.0):
    - Gloss (~> 2)
    - ResearchSuiteExtensions/Common (~> 0.14)
    - ResearchSuiteTaskBuilder (~> 0.4)
    - sdlrkx/VSR
  - SecureQueue (0.2.0)
  - SnapKit (5.0.0)
  - SwiftyGif (4.2.0)
  - SwiftyMarkdown (0.6.0)

DEPENDENCIES:
  - LS2SDK (~> 0.11)
  - ResearchKit (~> 1.5)
  - ResearchSuiteAppFramework (from `https://github.com/ResearchSuite/ResearchSuiteAppFramework-iOS`, branch `reduction`)
  - ResearchSuiteExtensions (~> 0.20)
  - ResearchSuiteResultsProcessor (~> 0.9)
  - ResearchSuiteTaskBuilder (~> 0.13)
  - sdlrkx

SPEC REPOS:
  https://github.com/cocoapods/specs.git:
    - Alamofire
    - GiphyCoreSDK
    - Gloss
    - ResearchKit
    - ReSwift
    - SnapKit
    - SwiftyGif
    - SwiftyMarkdown
  https://github.com/CuriosityHealth/Specs.git:
    - LS2SDK
  https://github.com/ResearchSuite/Specs.git:
    - GRMustache.swift
    - ResearchSuiteExtensions
    - ResearchSuiteResultsProcessor
    - ResearchSuiteTaskBuilder
    - sdlrkx
    - SecureQueue

EXTERNAL SOURCES:
  ResearchSuiteAppFramework:
    :branch: reduction
    :git: https://github.com/ResearchSuite/ResearchSuiteAppFramework-iOS

CHECKOUT OPTIONS:
  ResearchSuiteAppFramework:
    :commit: c8d18d178ee0bd9f96dca26b23a62944ddbf78a4
    :git: https://github.com/ResearchSuite/ResearchSuiteAppFramework-iOS

SPEC CHECKSUMS:
  Alamofire: ae5c501addb7afdbb13687d7f2f722c78734c2d3
  GiphyCoreSDK: 1a89e03e55dc6b636b9d40fde76107867dbb9da5
  Gloss: 9df15229b2f6484c14752a738474fd2528b4c5cd
  GRMustache.swift: 1fa0e7d408fcf4fcbcb29adeb18e12ed99521e44
  LS2SDK: d5c369cbe2df0d12bdf7d43014cb3a6620a275be
  ResearchKit: a5770681dd61afddd3d1f24d232b9abf00cba454
  ResearchSuiteAppFramework: d381b86316a02b76db0f3238abefb988d8727d1c
  ResearchSuiteExtensions: 53db196d1b1611217cbcd6b9bfbb8f297aa9d697
  ResearchSuiteResultsProcessor: 7ff5dc6d10da819910ba89eeb544288432756525
  ResearchSuiteTaskBuilder: 072ae890258d5ad53a3cf47fe590e480d2e7d01b
  ReSwift: f0255f4b4f2dacd12c5d97d34d13fc5dad6d6371
  sdlrkx: bb605e90d6e74db30c1ea5f3534bf2ac6a9b0809
  SecureQueue: 21d7c63fc9369e6706aaef0290cb6fec5d2e9615
  SnapKit: fd22d10eb9aff484d79a8724eab922c1ddf89bcf
  SwiftyGif: a149bf84df23370592f3f075561ae02c8632a314
  SwiftyMarkdown: 698fe6b283dddac69747f4e08ed0d067c18e0356

PODFILE CHECKSUM: d4f985d785232abf5d86624982eb23731dcf70e1

COCOAPODS: 1.7.1
